PODS:
  - Amplify (1.15.6):
    - Amplify/Default (= 1.15.6)
  - Amplify/Default (1.15.6)
  - amplify_api (0.0.1):
    - Amplify (~> 1.15.5)
    - amplify_core
    - AmplifyPlugins/AWSAPIPlugin (~> 1.15.5)
    - Flutter
  - amplify_core (0.0.1):
    - Flutter
  - amplify_flutter (0.0.1):
    - Amplify (~> 1.15.5)
    - amplify_core
    - AmplifyPlugins/AWSCognitoAuthPlugin (~> 1.15.5)
    - AWSPluginsCore (~> 1.15.5)
    - Flutter
  - AmplifyPlugins/AWSAPIPlugin (1.15.6):
    - AppSyncRealTimeClient (~> 1.4)
    - AWSCore (~> 2.26.1)
    - AWSPluginsCore (= 1.15.6)
  - AmplifyPlugins/AWSCognitoAuthPlugin (1.15.6):
    - AWSAuthCore (~> 2.26.1)
    - AWSCognitoIdentityProvider (~> 2.26.1)
    - AWSCognitoIdentityProviderASF (~> 2.26.1)
    - AWSCore (~> 2.26.1)
    - AWSMobileClient (~> 2.26.1)
    - AWSPluginsCore (= 1.15.6)
  - AppSyncRealTimeClient (1.9.1):
    - Starscream (~> 4.0.4)
  - AWSAuthCore (2.26.7):
    - AWSCore (= 2.26.7)
  - AWSCognitoIdentityProvider (2.26.7):
    - AWSCognitoIdentityProviderASF (= 2.26.7)
    - AWSCore (= 2.26.7)
  - AWSCognitoIdentityProviderASF (2.26.7):
    - AWSCore (= 2.26.7)
  - AWSCore (2.26.7)
  - AWSMobileClient (2.26.7):
    - AWSAuthCore (= 2.26.7)
    - AWSCognitoIdentityProvider (= 2.26.7)
    - AWSCognitoIdentityProviderASF (= 2.26.7)
    - AWSCore (= 2.26.7)
  - AWSPluginsCore (1.15.6):
    - Amplify (= 1.15.6)
    - AWSCore (~> 2.26.1)
  - connectivity_plus (0.0.1):
    - Flutter
    - ReachabilitySwift
  - Flutter (1.0.0)
  - integration_test (0.0.1):
    - Flutter
  - path_provider_foundation (0.0.1):
    - Flutter
    - FlutterMacOS
  - ReachabilitySwift (5.0.0)
  - Starscream (4.0.4)

DEPENDENCIES:
  - amplify_api (from `.symlinks/plugins/amplify_api/ios`)
  - amplify_core (from `.symlinks/plugins/amplify_core/ios`)
  - amplify_flutter (from `.symlinks/plugins/amplify_flutter/ios`)
  - connectivity_plus (from `.symlinks/plugins/connectivity_plus/ios`)
  - Flutter (from `Flutter`)
  - integration_test (from `.symlinks/plugins/integration_test/ios`)
  - path_provider_foundation (from `.symlinks/plugins/path_provider_foundation/darwin`)

SPEC REPOS:
  trunk:
    - Amplify
    - AmplifyPlugins
    - AppSyncRealTimeClient
    - AWSAuthCore
    - AWSCognitoIdentityProvider
    - AWSCognitoIdentityProviderASF
    - AWSCore
    - AWSMobileClient
    - AWSPluginsCore
    - ReachabilitySwift
    - Starscream

EXTERNAL SOURCES:
  amplify_api:
    :path: ".symlinks/plugins/amplify_api/ios"
  amplify_core:
    :path: ".symlinks/plugins/amplify_core/ios"
  amplify_flutter:
    :path: ".symlinks/plugins/amplify_flutter/ios"
  connectivity_plus:
    :path: ".symlinks/plugins/connectivity_plus/ios"
  Flutter:
    :path: Flutter
  integration_test:
    :path: ".symlinks/plugins/integration_test/ios"
  path_provider_foundation:
    :path: ".symlinks/plugins/path_provider_foundation/darwin"

SPEC CHECKSUMS:
  Amplify: d6ec04316dd74852f6a968d89c0f8cab9947d4d5
  amplify_api: d2e245623799af22ef371b9bcc960277c965ebb4
  amplify_core: 8b38d20089fe4f225c14db6892f586bd03824a42
  amplify_flutter: 372e5d0210d6de0cbf7be025dbd20cc21831ab24
  AmplifyPlugins: 7cfe5a34e97c6091855c10d83ccda538fb371cd1
  AppSyncRealTimeClient: cdee78ab78249cb87a71d975e1436e692813a606
  AWSAuthCore: e987fce9ad13ef8ac7d39d82305af21a63c590cf
  AWSCognitoIdentityProvider: 94cb0197e41662e3d29ee0feeb0cfa10d2242302
  AWSCognitoIdentityProviderASF: 306610c6b2df9a0449243911a67d44b49d0a708f
  AWSCore: e7fc9a005c527f2623b699a3ff8595fc45c24bd9
  AWSMobileClient: 318f7388a20424d2fe47fc946e3ba9b722b040b8
  AWSPluginsCore: 46b75ee57b0a1f10d64f4fa6b3b4153f5900dd4f
  connectivity_plus: 413a8857dd5d9f1c399a39130850d02fe0feaf7e
  Flutter: f04841e97a9d0b0a8025694d0796dd46242b2854
  integration_test: 13825b8a9334a850581300559b8839134b124670
  path_provider_foundation: eaf5b3e458fc0e5fbb9940fb09980e853fe058b8
  ReachabilitySwift: 985039c6f7b23a1da463388634119492ff86c825
  Starscream: 5178aed56b316f13fa3bc55694e583d35dd414d9

PODFILE CHECKSUM: 70d9d25280d0dd177a5f637cdb0f0b0b12c6a189

COCOAPODS: 1.11.3
